
Microsoft Visual Studio Solution File, Format Version 12.00
# Visual Studio 2012
Project("{2150E333-8FDC-42A3-9474-1A3956D46DE8}") = "Web", "Web", "{99012167-E484-4A50-B2E0-60606F1F803C}"
EndProject
Project("{2150E333-8FDC-42A3-9474-1A3956D46DE8}") = "DAO", "DAO", "{CCD509FC-9115-4030-98BE-6E493A2A4127}"
EndProject
Project("{2150E333-8FDC-42A3-9474-1A3956D46DE8}") = "BLL", "BLL", "{1CFDE805-E581-43B2-9DF9-77CABB496FF3}"
EndProject
Project("{2150E333-8FDC-42A3-9474-1A3956D46DE8}") = "Model", "Model", "{423A3BF4-E8F0-4D63-9FCD-72F80FA50FF1}"
EndProject
Project("{FAE04EC0-301F-11D3-BF4B-00C04F79EFBC}") = "HXJ.ExpressQuery.IBLL", "HXJ.ExpressQuery.IBLL\HXJ.ExpressQuery.IBLL.csproj", "{4233BE43-F6B8-4BBD-B11E-B0DD306E2AC2}"
EndProject
Project("{FAE04EC0-301F-11D3-BF4B-00C04F79EFBC}") = "HXJ.ExpressQuery.BLL", "HXJ.ExpressQuery.BLL\HXJ.ExpressQuery.BLL.csproj", "{1E1DB2B6-C414-4BC9-B2B8-500753F0AFCE}"
EndProject
Project("{FAE04EC0-301F-11D3-BF4B-00C04F79EFBC}") = "HXJ.ExpressQuery.IDAO", "HXJ.ExpressQuery.IDAO\HXJ.ExpressQuery.IDAO.csproj", "{C8846802-D3C5-4FCB-A764-83CEA604458C}"
EndProject
Project("{FAE04EC0-301F-11D3-BF4B-00C04F79EFBC}") = "HXJ.ExpressQuery.DAO", "HXJ.ExpressQuery.DAO\HXJ.ExpressQuery.DAO.csproj", "{A4A02708-88D9-42F0-88EC-A999BE291FF6}"
EndProject
Project("{FAE04EC0-301F-11D3-BF4B-00C04F79EFBC}") = "HXJ.ExpressQuery.Model", "HXJ.ExpressQuery.Model\HXJ.ExpressQuery.Model.csproj", "{095C043B-A04A-4C29-ACC2-0218F6B68FD6}"
EndProject
Project("{FAE04EC0-301F-11D3-BF4B-00C04F79EFBC}") = "HXJ.ExpressQuery.Web", "HXJ.ExpressQuery.Web\HXJ.ExpressQuery.Web.csproj", "{8728C647-84E7-4D30-A0E9-5D50F9A1E1F1}"
EndProject
Global
	GlobalSection(SolutionConfigurationPlatforms) = preSolution
		Debug|Any CPU = Debug|Any CPU
		Release|Any CPU = Release|Any CPU
	EndGlobalSection
	GlobalSection(ProjectConfigurationPlatforms) = postSolution
		{4233BE43-F6B8-4BBD-B11E-B0DD306E2AC2}.Debug|Any CPU.ActiveCfg = Debug|Any CPU
		{4233BE43-F6B8-4BBD-B11E-B0DD306E2AC2}.Debug|Any CPU.Build.0 = Debug|Any CPU
		{4233BE43-F6B8-4BBD-B11E-B0DD306E2AC2}.Release|Any CPU.ActiveCfg = Release|Any CPU
		{4233BE43-F6B8-4BBD-B11E-B0DD306E2AC2}.Release|Any CPU.Build.0 = Release|Any CPU
		{1E1DB2B6-C414-4BC9-B2B8-500753F0AFCE}.Debug|Any CPU.ActiveCfg = Debug|Any CPU
		{1E1DB2B6-C414-4BC9-B2B8-500753F0AFCE}.Debug|Any CPU.Build.0 = Debug|Any CPU
		{1E1DB2B6-C414-4BC9-B2B8-500753F0AFCE}.Release|Any CPU.ActiveCfg = Release|Any CPU
		{1E1DB2B6-C414-4BC9-B2B8-500753F0AFCE}.Release|Any CPU.Build.0 = Release|Any CPU
		{C8846802-D3C5-4FCB-A764-83CEA604458C}.Debug|Any CPU.ActiveCfg = Debug|Any CPU
		{C8846802-D3C5-4FCB-A764-83CEA604458C}.Debug|Any CPU.Build.0 = Debug|Any CPU
		{C8846802-D3C5-4FCB-A764-83CEA604458C}.Release|Any CPU.ActiveCfg = Release|Any CPU
		{C8846802-D3C5-4FCB-A764-83CEA604458C}.Release|Any CPU.Build.0 = Release|Any CPU
		{A4A02708-88D9-42F0-88EC-A999BE291FF6}.Debug|Any CPU.ActiveCfg = Debug|Any CPU
		{A4A02708-88D9-42F0-88EC-A999BE291FF6}.Debug|Any CPU.Build.0 = Debug|Any CPU
		{A4A02708-88D9-42F0-88EC-A999BE291FF6}.Release|Any CPU.ActiveCfg = Release|Any CPU
		{A4A02708-88D9-42F0-88EC-A999BE291FF6}.Release|Any CPU.Build.0 = Release|Any CPU
		{095C043B-A04A-4C29-ACC2-0218F6B68FD6}.Debug|Any CPU.ActiveCfg = Debug|Any CPU
		{095C043B-A04A-4C29-ACC2-0218F6B68FD6}.Debug|Any CPU.Build.0 = Debug|Any CPU
		{095C043B-A04A-4C29-ACC2-0218F6B68FD6}.Release|Any CPU.ActiveCfg = Release|Any CPU
		{095C043B-A04A-4C29-ACC2-0218F6B68FD6}.Release|Any CPU.Build.0 = Release|Any CPU
		{8728C647-84E7-4D30-A0E9-5D50F9A1E1F1}.Debug|Any CPU.ActiveCfg = Debug|Any CPU
		{8728C647-84E7-4D30-A0E9-5D50F9A1E1F1}.Debug|Any CPU.Build.0 = Debug|Any CPU
		{8728C647-84E7-4D30-A0E9-5D50F9A1E1F1}.Release|Any CPU.ActiveCfg = Release|Any CPU
		{8728C647-84E7-4D30-A0E9-5D50F9A1E1F1}.Release|Any CPU.Build.0 = Release|Any CPU
	EndGlobalSection
	GlobalSection(SolutionProperties) = preSolution
		HideSolutionNode = FALSE
	EndGlobalSection
	GlobalSection(NestedProjects) = preSolution
		{8728C647-84E7-4D30-A0E9-5D50F9A1E1F1} = {99012167-E484-4A50-B2E0-60606F1F803C}
		{C8846802-D3C5-4FCB-A764-83CEA604458C} = {CCD509FC-9115-4030-98BE-6E493A2A4127}
		{A4A02708-88D9-42F0-88EC-A999BE291FF6} = {CCD509FC-9115-4030-98BE-6E493A2A4127}
		{4233BE43-F6B8-4BBD-B11E-B0DD306E2AC2} = {1CFDE805-E581-43B2-9DF9-77CABB496FF3}
		{1E1DB2B6-C414-4BC9-B2B8-500753F0AFCE} = {1CFDE805-E581-43B2-9DF9-77CABB496FF3}
		{095C043B-A04A-4C29-ACC2-0218F6B68FD6} = {423A3BF4-E8F0-4D63-9FCD-72F80FA50FF1}
	EndGlobalSection
EndGlobal
